
Microsoft Visual Studio Solution File, Format Version 12.00
# Visual Studio Version 17
VisualStudioVersion = 17.0.31912.275
MinimumVisualStudioVersion = 10.0.40219.1
Project("{FAE04EC0-301F-11D3-BF4B-00C04F79EFBC}") = "Assembly69", "Assembly69.csproj", "{AE6D4444-9EF9-45CD-94C1-9C256AF05F21}"
EndProject
Global
	GlobalSection(SolutionConfigurationPlatforms) = preSolution
		Debug|Any CPU = Debug|Any CPU
		Release|Any CPU = Release|Any CPU
	EndGlobalSection
	GlobalSection(ProjectConfigurationPlatforms) = postSolution
		{AE6D4444-9EF9-45CD-94C1-9C256AF05F21}.Debug|Any CPU.ActiveCfg = Debug|Any CPU
		{AE6D4444-9EF9-45CD-94C1-9C256AF05F21}.Debug|Any CPU.Build.0 = Debug|Any CPU
		{AE6D4444-9EF9-45CD-94C1-9C256AF05F21}.Release|Any CPU.ActiveCfg = Release|Any CPU
		{AE6D4444-9EF9-45CD-94C1-9C256AF05F21}.Release|Any CPU.Build.0 = Release|Any CPU
	EndGlobalSection
	GlobalSection(SolutionProperties) = preSolution
		HideSolutionNode = FALSE
	EndGlobalSection
	GlobalSection(ExtensibilityGlobals) = postSolution
		SolutionGuid = {A612BAB1-7F79-44B7-B9BD-B405DA037E03}
	EndGlobalSection
EndGlobal
